
Microsoft Visual Studio Solution File, Format Version 12.00
Project("{FAE04EC0-301F-11D3-BF4B-00C04F79EFBC}") = "SantinoORM", "SantinoORM\SantinoORM.csproj", "{53DFA510-F26E-4A10-9042-3C3740E83E47}"
EndProject
Project("{FAE04EC0-301F-11D3-BF4B-00C04F79EFBC}") = "SantinoORM.Test", "SantinoORM.Test\SantinoORM.Test.csproj", "{81428FEE-E31E-40C4-97F7-C80F58B3DCE4}"
EndProject
Global
	GlobalSection(SolutionConfigurationPlatforms) = preSolution
		Debug|Any CPU = Debug|Any CPU
		Release|Any CPU = Release|Any CPU
	EndGlobalSection
	GlobalSection(ProjectConfigurationPlatforms) = postSolution
		{53DFA510-F26E-4A10-9042-3C3740E83E47}.Debug|Any CPU.ActiveCfg = Debug|Any CPU
		{53DFA510-F26E-4A10-9042-3C3740E83E47}.Debug|Any CPU.Build.0 = Debug|Any CPU
		{53DFA510-F26E-4A10-9042-3C3740E83E47}.Release|Any CPU.ActiveCfg = Release|Any CPU
		{53DFA510-F26E-4A10-9042-3C3740E83E47}.Release|Any CPU.Build.0 = Release|Any CPU
		{81428FEE-E31E-40C4-97F7-C80F58B3DCE4}.Debug|Any CPU.ActiveCfg = Debug|Any CPU
		{81428FEE-E31E-40C4-97F7-C80F58B3DCE4}.Debug|Any CPU.Build.0 = Debug|Any CPU
		{81428FEE-E31E-40C4-97F7-C80F58B3DCE4}.Release|Any CPU.ActiveCfg = Release|Any CPU
		{81428FEE-E31E-40C4-97F7-C80F58B3DCE4}.Release|Any CPU.Build.0 = Release|Any CPU
	EndGlobalSection
EndGlobal
